
Microsoft Visual Studio Solution File, Format Version 12.00
# Visual Studio Version 17
VisualStudioVersion = 17.10.34916.146
MinimumVisualStudioVersion = 10.0.40219.1
Project("{9A19103F-16F7-4668-BE54-9A1E7A4F7556}") = "Client", "Client\Client.csproj", "{2BC42320-B73A-43B4-AEDD-FEC9E8FBC23D}"
EndProject
Project("{9A19103F-16F7-4668-BE54-9A1E7A4F7556}") = "AuthorizationServer", "AuthorizationServer\AuthorizationServer.csproj", "{7EFF361C-B7F0-4A0F-A76B-90D98FFBB058}"
EndProject
Project("{9A19103F-16F7-4668-BE54-9A1E7A4F7556}") = "ResourceServer", "ResourceServer\ResourceServer.csproj", "{93A1A0F6-C996-4649-9BC6-9F53BEDA708B}"
EndProject
Global
	GlobalSection(SolutionConfigurationPlatforms) = preSolution
		Debug|Any CPU = Debug|Any CPU
		Release|Any CPU = Release|Any CPU
	EndGlobalSection
	GlobalSection(ProjectConfigurationPlatforms) = postSolution
		{2BC42320-B73A-43B4-AEDD-FEC9E8FBC23D}.Debug|Any CPU.ActiveCfg = Debug|Any CPU
		{2BC42320-B73A-43B4-AEDD-FEC9E8FBC23D}.Debug|Any CPU.Build.0 = Debug|Any CPU
		{2BC42320-B73A-43B4-AEDD-FEC9E8FBC23D}.Release|Any CPU.ActiveCfg = Release|Any CPU
		{2BC42320-B73A-43B4-AEDD-FEC9E8FBC23D}.Release|Any CPU.Build.0 = Release|Any CPU
		{7EFF361C-B7F0-4A0F-A76B-90D98FFBB058}.Debug|Any CPU.ActiveCfg = Debug|Any CPU
		{7EFF361C-B7F0-4A0F-A76B-90D98FFBB058}.Debug|Any CPU.Build.0 = Debug|Any CPU
		{7EFF361C-B7F0-4A0F-A76B-90D98FFBB058}.Release|Any CPU.ActiveCfg = Release|Any CPU
		{7EFF361C-B7F0-4A0F-A76B-90D98FFBB058}.Release|Any CPU.Build.0 = Release|Any CPU
		{93A1A0F6-C996-4649-9BC6-9F53BEDA708B}.Debug|Any CPU.ActiveCfg = Debug|Any CPU
		{93A1A0F6-C996-4649-9BC6-9F53BEDA708B}.Debug|Any CPU.Build.0 = Debug|Any CPU
		{93A1A0F6-C996-4649-9BC6-9F53BEDA708B}.Release|Any CPU.ActiveCfg = Release|Any CPU
		{93A1A0F6-C996-4649-9BC6-9F53BEDA708B}.Release|Any CPU.Build.0 = Release|Any CPU
	EndGlobalSection
	GlobalSection(SolutionProperties) = preSolution
		HideSolutionNode = FALSE
	EndGlobalSection
	GlobalSection(ExtensibilityGlobals) = postSolution
		SolutionGuid = {8A259665-1EDD-4182-9DC4-B829278E5C26}
	EndGlobalSection
EndGlobal
